// !$*UTF8*$!
{
	archiveVersion = 1;
	classes = {
	};
	objectVersion = 50;
	objects = {

/* Begin PBXBuildFile section */
		973369532434A51F000F5D52 /* AppDelegate.swift in Sources */ = {isa = PBXBuildFile; fileRef = 973369522434A51F000F5D52 /* AppDelegate.swift */; };
		973369552434A51F000F5D52 /* SceneDelegate.swift in Sources */ = {isa = PBXBuildFile; fileRef = 973369542434A51F000F5D52 /* SceneDelegate.swift */; };
		973369572434A51F000F5D52 /* ViewController.swift in Sources */ = {isa = PBXBuildFile; fileRef = 973369562434A51F000F5D52 /* ViewController.swift */; };
		9733695A2434A51F000F5D52 /* Main.storyboard in Resources */ = {isa = PBXBuildFile; fileRef = 973369582434A51F000F5D52 /* Main.storyboard */; };
		9733695C2434A521000F5D52 /* Assets.xcassets in Resources */ = {isa = PBXBuildFile; fileRef = 9733695B2434A521000F5D52 /* Assets.xcassets */; };
		9733695F2434A521000F5D52 /* LaunchScreen.storyboard in Resources */ = {isa = PBXBuildFile; fileRef = 9733695D2434A521000F5D52 /* LaunchScreen.storyboard */; };
		973369672434AECF000F5D52 /* LanguageViewController.swift in Sources */ = {isa = PBXBuildFile; fileRef = 973369662434AECF000F5D52 /* LanguageViewController.swift */; };
/* End PBXBuildFile section */

/* Begin PBXFileReference section */
		9733694F2434A51F000F5D52 /* LanguageApp.app */ = {isa = PBXFileReference; explicitFileType = wrapper.application; includeInIndex = 0; path = LanguageApp.app; sourceTree = BUILT_PRODUCTS_DIR; };
		973369522434A51F000F5D52 /* AppDelegate.swift */ = {isa = PBXFileReference; lastKnownFileType = sourcecode.swift; path = AppDelegate.swift; sourceTree = "<group>"; };
		973369542434A51F000F5D52 /* SceneDelegate.swift */ = {isa = PBXFileReference; lastKnownFileType = sourcecode.swift; path = SceneDelegate.swift; sourceTree = "<group>"; };
		973369562434A51F000F5D52 /* ViewController.swift */ = {isa = PBXFileReference; lastKnownFileType = sourcecode.swift; path = ViewController.swift; sourceTree = "<group>"; };
		973369592434A51F000F5D52 /* Base */ = {isa = PBXFileReference; lastKnownFileType = file.storyboard; name = Base; path = Base.lproj/Main.storyboard; sourceTree = "<group>"; };
		9733695B2434A521000F5D52 /* Assets.xcassets */ = {isa = PBXFileReference; lastKnownFileType = folder.assetcatalog; path = Assets.xcassets; sourceTree = "<group>"; };
		9733695E2434A521000F5D52 /* Base */ = {isa = PBXFileReference; lastKnownFileType = file.storyboard; name = Base; path = Base.lproj/LaunchScreen.storyboard; sourceTree = "<group>"; };
		973369602434A521000F5D52 /* Info.plist */ = {isa = PBXFileReference; lastKnownFileType = text.plist.xml; path = Info.plist; sourceTree = "<group>"; };
		973369662434AECF000F5D52 /* LanguageViewController.swift */ = {isa = PBXFileReference; lastKnownFileType = sourcecode.swift; path = LanguageViewController.swift; sourceTree = "<group>"; };
/* End PBXFileReference section */

/* Begin PBXFrameworksBuildPhase section */
		9733694C2434A51F000F5D52 /* Frameworks */ = {
			isa = PBXFrameworksBuildPhase;
			buildActionMask = 2147483647;
			files = (
			);
			runOnlyForDeploymentPostprocessing = 0;
		};
/* End PBXFrameworksBuildPhase section */

/* Begin PBXGroup section */
		973369462434A51F000F5D52 = {
			isa = PBXGroup;
			children = (
				973369512434A51F000F5D52 /* LanguageApp */,
				973369502434A51F000F5D52 /* Products */,
			);
			sourceTree = "<group>";
		};
		973369502434A51F000F5D52 /* Products */ = {
			isa = PBXGroup;
			children = (
				9733694F2434A51F000F5D52 /* LanguageApp.app */,
			);
			name = Products;
			sourceTree = "<group>";
		};
		973369512434A51F000F5D52 /* LanguageApp */ = {
			isa = PBXGroup;
			children = (
				973369522434A51F000F5D52 /* AppDelegate.swift */,
				973369542434A51F000F5D52 /* SceneDelegate.swift */,
				973369562434A51F000F5D52 /* ViewController.swift */,
				973369582434A51F000F5D52 /* Main.storyboard */,
				973369662434AECF000F5D52 /* LanguageViewController.swift */,
				9733695B2434A521000F5D52 /* Assets.xcassets */,
				9733695D2434A521000F5D52 /* LaunchScreen.storyboard */,
				973369602434A521000F5D52 /* Info.plist */,
			);
			path = LanguageApp;
			sourceTree = "<group>";
		};
/* End PBXGroup section */

/* Begin PBXNativeTarget section */
		9733694E2434A51F000F5D52 /* LanguageApp */ = {
			isa = PBXNativeTarget;
			buildConfigurationList = 973369632434A521000F5D52 /* Build configuration list for PBXNativeTarget "LanguageApp" */;
			buildPhases = (
				9733694B2434A51F000F5D52 /* Sources */,
				9733694C2434A51F000F5D52 /* Frameworks */,
				9733694D2434A51F000F5D52 /* Resources */,
			);
			buildRules = (
			);
			dependencies = (
			);
			name = LanguageApp;
			productName = LanguageApp;
			productReference = 9733694F2434A51F000F5D52 /* LanguageApp.app */;
			productType = "com.apple.product-type.application";
		};
/* End PBXNativeTarget section */

/* Begin PBXProject section */
		973369472434A51F000F5D52 /* Project object */ = {
			isa = PBXProject;
			attributes = {
				LastSwiftUpdateCheck = 1130;
				LastUpgradeCheck = 1130;
				ORGANIZATIONNAME = "Mikhail Malyshev";
				TargetAttributes = {
					9733694E2434A51F000F5D52 = {
						CreatedOnToolsVersion = 11.3.1;
					};
				};
			};
			buildConfigurationList = 9733694A2434A51F000F5D52 /* Build configuration list for PBXProject "LanguageApp" */;
			compatibilityVersion = "Xcode 9.3";
			developmentRegion = en;
			hasScannedForEncodings = 0;
			knownRegions = (
				en,
				Base,
			);
			mainGroup = 973369462434A51F000F5D52;
			productRefGroup = 973369502434A51F000F5D52 /* Products */;
			projectDirPath = "";
			projectRoot = "";
			targets = (
				9733694E2434A51F000F5D52 /* LanguageApp */,
			);
		};
/* End PBXProject section */

/* Begin PBXResourcesBuildPhase section */
		9733694D2434A51F000F5D52 /* Resources */ = {
			isa = PBXResourcesBuildPhase;
			buildActionMask = 2147483647;
			files = (
				9733695F2434A521000F5D52 /* LaunchScreen.storyboard in Resources */,
				9733695C2434A521000F5D52 /* Assets.xcassets in Resources */,
				9733695A2434A51F000F5D52 /* Main.storyboard in Resources */,
			);
			runOnlyForDeploymentPostprocessing = 0;
		};
/* End PBXResourcesBuildPhase section */

/* Begin PBXSourcesBuildPhase section */
		9733694B2434A51F000F5D52 /* Sources */ = {
			isa = PBXSourcesBuildPhase;
			buildActionMask = 2147483647;
			files = (
				973369572434A51F000F5D52 /* ViewController.swift in Sources */,
				973369532434A51F000F5D52 /* AppDelegate.swift in Sources */,
				973369672434AECF000F5D52 /* LanguageViewController.swift in Sources */,
				973369552434A51F000F5D52 /* SceneDelegate.swift in Sources */,
			);
			runOnlyForDeploymentPostprocessing = 0;
		};
/* End PBXSourcesBuildPhase section */

/* Begin PBXVariantGroup section */
		973369582434A51F000F5D52 /* Main.storyboard */ = {
			isa = PBXVariantGroup;
			children = (
				973369592434A51F000F5D52 /* Base */,
			);
			name = Main.storyboard;
			sourceTree = "<group>";
		};
		9733695D2434A521000F5D52 /* LaunchScreen.storyboard */ = {
			isa = PBXVariantGroup;
			children = (
				9733695E2434A521000F5D52 /* Base */,
			);
			name = LaunchScreen.storyboard;
			sourceTree = "<group>";
		};
/* End PBXVariantGroup section */

/* Begin XCBuildConfiguration section */
		973369612434A521000F5D52 /* Debug */ = {
			isa = XCBuildConfiguration;
			buildSettings = {
				ALWAYS_SEARCH_USER_PATHS = NO;
				CLANG_ANALYZER_NONNULL = YES;
				CLANG_ANALYZER_NUMBER_OBJECT_CONVERSION = YES_AGGRESSIVE;
				CLANG_CXX_LANGUAGE_STANDARD = "gnu++14";
				CLANG_CXX_LIBRARY = "libc++";
				CLANG_ENABLE_MODULES = YES;
				CLANG_ENABLE_OBJC_ARC = YES;
				CLANG_ENABLE_OBJC_WEAK = YES;
				CLANG_WARN_BLOCK_CAPTURE_AUTORELEASING = YES;
				CLANG_WARN_BOOL_CONVERSION = YES;
				CLANG_WARN_COMMA = YES;
				CLANG_WARN_CONSTANT_CONVERSION = YES;
				CLANG_WARN_DEPRECATED_OBJC_IMPLEMENTATIONS = YES;
				CLANG_WARN_DIRECT_OBJC_ISA_USAGE = YES_ERROR;
				CLANG_WARN_DOCUMENTATION_COMMENTS = YES;
				CLANG_WARN_EMPTY_BODY = YES;
				CLANG_WARN_ENUM_CONVERSION = YES;
				CLANG_WARN_INFINITE_RECURSION = YES;
				CLANG_WARN_INT_CONVERSION = YES;
				CLANG_WARN_NON_LITERAL_NULL_CONVERSION = YES;
				CLANG_WARN_OBJC_IMPLICIT_RETAIN_SELF = YES;
				CLANG_WARN_OBJC_LITERAL_CONVERSION = YES;
				CLANG_WARN_OBJC_ROOT_CLASS = YES_ERROR;
				CLANG_WARN_RANGE_LOOP_ANALYSIS = YES;
				CLANG_WARN_STRICT_PROTOTYPES = YES;
				CLANG_WARN_SUSPICIOUS_MOVE = YES;
				CLANG_WARN_UNGUARDED_AVAILABILITY = YES_AGGRESSIVE;
				CLANG_WARN_UNREACHABLE_CODE = YES;
				CLANG_WARN__DUPLICATE_METHOD_MATCH = YES;
				COPY_PHASE_STRIP = NO;
				DEBUG_INFORMATION_FORMAT = dwarf;
				ENABLE_STRICT_OBJC_MSGSEND = YES;
				ENABLE_TESTABILITY = YES;
				GCC_C_LANGUAGE_STANDARD = gnu11;
				GCC_DYNAMIC_NO_PIC = NO;
				GCC_NO_COMMON_BLOCKS = YES;
				GCC_OPTIMIZATION_LEVEL = 0;
				GCC_PREPROCESSOR_DEFINITIONS = (
					"DEBUG=1",
					"$(inherited)",
				);
				GCC_WARN_64_TO_32_BIT_CONVERSION = YES;
				GCC_WARN_ABOUT_RETURN_TYPE = YES_ERROR;
				GCC_WARN_UNDECLARED_SELECTOR = YES;
				GCC_WARN_UNINITIALIZED_AUTOS = YES_AGGRESSIVE;
				GCC_WARN_UNUSED_FUNCTION = YES;
				GCC_WARN_UNUSED_VARIABLE = YES;
				IPHONEOS_DEPLOYMENT_TARGET = 13.2;
				MTL_ENABLE_DEBUG_INFO = INCLUDE_SOURCE;
				MTL_FAST_MATH = YES;
				ONLY_ACTIVE_ARCH = YES;
				SDKROOT = iphoneos;
				SWIFT_ACTIVE_COMPILATION_CONDITIONS = DEBUG;
				SWIFT_OPTIMIZATION_LEVEL = "-Onone";
			};
			name = Debug;
		};
		973369622434A521000F5D52 /* Release */ = {
			isa = XCBuildConfiguration;
			buildSettings = {
				ALWAYS_SEARCH_USER_PATHS = NO;
				CLANG_ANALYZER_NONNULL = YES;
				CLANG_ANALYZER_NUMBER_OBJECT_CONVERSION = YES_AGGRESSIVE;
				CLANG_CXX_LANGUAGE_STANDARD = "gnu++14";
				CLANG_CXX_LIBRARY = "libc++";
				CLANG_ENABLE_MODULES = YES;
				CLANG_ENABLE_OBJC_ARC = YES;
				CLANG_ENABLE_OBJC_WEAK = YES;
				CLANG_WARN_BLOCK_CAPTURE_AUTORELEASING = YES;
				CLANG_WARN_BOOL_CONVERSION = YES;
				CLANG_WARN_COMMA = YES;
				CLANG_WARN_CONSTANT_CONVERSION = YES;
				CLANG_WARN_DEPRECATED_OBJC_IMPLEMENTATIONS = YES;
				CLANG_WARN_DIRECT_OBJC_ISA_USAGE = YES_ERROR;
				CLANG_WARN_DOCUMENTATION_COMMENTS = YES;
				CLANG_WARN_EMPTY_BODY = YES;
				CLANG_WARN_ENUM_CONVERSION = YES;
				CLANG_WARN_INFINITE_RECURSION = YES;
				CLANG_WARN_INT_CONVERSION = YES;
				CLANG_WARN_NON_LITERAL_NULL_CONVERSION = YES;
				CLANG_WARN_OBJC_IMPLICIT_RETAIN_SELF = YES;
				CLANG_WARN_OBJC_LITERAL_CONVERSION = YES;
				CLANG_WARN_OBJC_ROOT_CLASS = YES_ERROR;
				CLANG_WARN_RANGE_LOOP_ANALYSIS = YES;
				CLANG_WARN_STRICT_PROTOTYPES = YES;
				CLANG_WARN_SUSPICIOUS_MOVE = YES;
				CLANG_WARN_UNGUARDED_AVAILABILITY = YES_AGGRESSIVE;
				CLANG_WARN_UNREACHABLE_CODE = YES;
				CLANG_WARN__DUPLICATE_METHOD_MATCH = YES;
				COPY_PHASE_STRIP = NO;
				DEBUG_INFORMATION_FORMAT = "dwarf-with-dsym";
				ENABLE_NS_ASSERTIONS = NO;
				ENABLE_STRICT_OBJC_MSGSEND = YES;
				GCC_C_LANGUAGE_STANDARD = gnu11;
				GCC_NO_COMMON_BLOCKS = YES;
				GCC_WARN_64_TO_32_BIT_CONVERSION = YES;
				GCC_WARN_ABOUT_RETURN_TYPE = YES_ERROR;
				GCC_WARN_UNDECLARED_SELECTOR = YES;
				GCC_WARN_UNINITIALIZED_AUTOS = YES_AGGRESSIVE;
				GCC_WARN_UNUSED_FUNCTION = YES;
				GCC_WARN_UNUSED_VARIABLE = YES;
				IPHONEOS_DEPLOYMENT_TARGET = 13.2;
				MTL_ENABLE_DEBUG_INFO = NO;
				MTL_FAST_MATH = YES;
				SDKROOT = iphoneos;
				SWIFT_COMPILATION_MODE = wholemodule;
				SWIFT_OPTIMIZATION_LEVEL = "-O";
				VALIDATE_PRODUCT = YES;
			};
			name = Release;
		};
		973369642434A521000F5D52 /* Debug */ = {
			isa = XCBuildConfiguration;
			buildSettings = {
				ASSETCATALOG_COMPILER_APPICON_NAME = AppIcon;
				CODE_SIGN_STYLE = Automatic;
				DEVELOPMENT_TEAM = WDRH34Y5Z9;
				INFOPLIST_FILE = LanguageApp/Info.plist;
				LD_RUNPATH_SEARCH_PATHS = (
					"$(inherited)",
					"@executable_path/Frameworks",
				);
				PRODUCT_BUNDLE_IDENTIFIER = edu.self.LanguageApp;
				PRODUCT_NAME = "$(TARGET_NAME)";
				SWIFT_VERSION = 5.0;
				TARGETED_DEVICE_FAMILY = "1,2";
			};
			name = Debug;
		};
		973369652434A521000F5D52 /* Release */ = {
			isa = XCBuildConfiguration;
			buildSettings = {
				ASSETCATALOG_COMPILER_APPICON_NAME = AppIcon;
				CODE_SIGN_STYLE = Automatic;
				DEVELOPMENT_TEAM = WDRH34Y5Z9;
				INFOPLIST_FILE = LanguageApp/Info.plist;
				LD_RUNPATH_SEARCH_PATHS = (
					"$(inherited)",
					"@executable_path/Frameworks",
				);
				PRODUCT_BUNDLE_IDENTIFIER = edu.self.LanguageApp;
				PRODUCT_NAME = "$(TARGET_NAME)";
				SWIFT_VERSION = 5.0;
				TARGETED_DEVICE_FAMILY = "1,2";
			};
			name = Release;
		};
/* End XCBuildConfiguration section */

/* Begin XCConfigurationList section */
		9733694A2434A51F000F5D52 /* Build configuration list for PBXProject "LanguageApp" */ = {
			isa = XCConfigurationList;
			buildConfigurations = (
				973369612434A521000F5D52 /* Debug */,
				973369622434A521000F5D52 /* Release */,
			);
			defaultConfigurationIsVisible = 0;
			defaultConfigurationName = Release;
		};
		973369632434A521000F5D52 /* Build configuration list for PBXNativeTarget "LanguageApp" */ = {
			isa = XCConfigurationList;
			buildConfigurations = (
				973369642434A521000F5D52 /* Debug */,
				973369652434A521000F5D52 /* Release */,
			);
			defaultConfigurationIsVisible = 0;
			defaultConfigurationName = Release;
		};
/* End XCConfigurationList section */
	};
	rootObject = 973369472434A51F000F5D52 /* Project object */;
}
