// !$*UTF8*$!
{
	archiveVersion = 1;
	classes = {
	};
	objectVersion = 51;
	objects = {

/* Begin PBXBuildFile section */
		737F957C6A48552F8CD753D4 /* Pods_LanguageApp.framework in Frameworks */ = {isa = PBXBuildFile; fileRef = 0E557AF4CB65315431236BBC /* Pods_LanguageApp.framework */; };
		973369532434A51F000F5D52 /* AppDelegate.swift in Sources */ = {isa = PBXBuildFile; fileRef = 973369522434A51F000F5D52 /* AppDelegate.swift */; };
		973369552434A51F000F5D52 /* SceneDelegate.swift in Sources */ = {isa = PBXBuildFile; fileRef = 973369542434A51F000F5D52 /* SceneDelegate.swift */; };
		973369572434A51F000F5D52 /* TeachViewController.swift in Sources */ = {isa = PBXBuildFile; fileRef = 973369562434A51F000F5D52 /* TeachViewController.swift */; };
		9733695A2434A51F000F5D52 /* Main.storyboard in Resources */ = {isa = PBXBuildFile; fileRef = 973369582434A51F000F5D52 /* Main.storyboard */; };
		9733695C2434A521000F5D52 /* Assets.xcassets in Resources */ = {isa = PBXBuildFile; fileRef = 9733695B2434A521000F5D52 /* Assets.xcassets */; };
		9733695F2434A521000F5D52 /* LaunchScreen.storyboard in Resources */ = {isa = PBXBuildFile; fileRef = 9733695D2434A521000F5D52 /* LaunchScreen.storyboard */; };
		973369672434AECF000F5D52 /* LanguageViewController.swift in Sources */ = {isa = PBXBuildFile; fileRef = 973369662434AECF000F5D52 /* LanguageViewController.swift */; };
		9733696E2439E140000F5D52 /* Models.swift in Sources */ = {isa = PBXBuildFile; fileRef = 9733696D2439E140000F5D52 /* Models.swift */; };
		97336970243B52FE000F5D52 /* StorageManager.swift in Sources */ = {isa = PBXBuildFile; fileRef = 9733696F243B52FE000F5D52 /* StorageManager.swift */; };
		97336973243B55AD000F5D52 /* DictionaryViewController.swift in Sources */ = {isa = PBXBuildFile; fileRef = 97336972243B55AD000F5D52 /* DictionaryViewController.swift */; };
		97632877244C56F500D7DECA /* NetworkManager.swift in Sources */ = {isa = PBXBuildFile; fileRef = 97632876244C56F500D7DECA /* NetworkManager.swift */; };
/* End PBXBuildFile section */

/* Begin PBXFileReference section */
		0E557AF4CB65315431236BBC /* Pods_LanguageApp.framework */ = {isa = PBXFileReference; explicitFileType = wrapper.framework; includeInIndex = 0; path = Pods_LanguageApp.framework; sourceTree = BUILT_PRODUCTS_DIR; };
		1B3785C90714999BBDC4D6AA /* Pods-LanguageApp.release.xcconfig */ = {isa = PBXFileReference; includeInIndex = 1; lastKnownFileType = text.xcconfig; name = "Pods-LanguageApp.release.xcconfig"; path = "Target Support Files/Pods-LanguageApp/Pods-LanguageApp.release.xcconfig"; sourceTree = "<group>"; };
		9733694F2434A51F000F5D52 /* LanguageApp.app */ = {isa = PBXFileReference; explicitFileType = wrapper.application; includeInIndex = 0; path = LanguageApp.app; sourceTree = BUILT_PRODUCTS_DIR; };
		973369522434A51F000F5D52 /* AppDelegate.swift */ = {isa = PBXFileReference; lastKnownFileType = sourcecode.swift; path = AppDelegate.swift; sourceTree = "<group>"; };
		973369542434A51F000F5D52 /* SceneDelegate.swift */ = {isa = PBXFileReference; lastKnownFileType = sourcecode.swift; path = SceneDelegate.swift; sourceTree = "<group>"; };
		973369562434A51F000F5D52 /* TeachViewController.swift */ = {isa = PBXFileReference; lastKnownFileType = sourcecode.swift; path = TeachViewController.swift; sourceTree = "<group>"; };
		973369592434A51F000F5D52 /* Base */ = {isa = PBXFileReference; lastKnownFileType = file.storyboard; name = Base; path = Base.lproj/Main.storyboard; sourceTree = "<group>"; };
		9733695B2434A521000F5D52 /* Assets.xcassets */ = {isa = PBXFileReference; lastKnownFileType = folder.assetcatalog; path = Assets.xcassets; sourceTree = "<group>"; };
		9733695E2434A521000F5D52 /* Base */ = {isa = PBXFileReference; lastKnownFileType = file.storyboard; name = Base; path = Base.lproj/LaunchScreen.storyboard; sourceTree = "<group>"; };
		973369602434A521000F5D52 /* Info.plist */ = {isa = PBXFileReference; lastKnownFileType = text.plist.xml; path = Info.plist; sourceTree = "<group>"; };
		973369662434AECF000F5D52 /* LanguageViewController.swift */ = {isa = PBXFileReference; lastKnownFileType = sourcecode.swift; path = LanguageViewController.swift; sourceTree = "<group>"; };
		9733696D2439E140000F5D52 /* Models.swift */ = {isa = PBXFileReference; lastKnownFileType = sourcecode.swift; path = Models.swift; sourceTree = "<group>"; };
		9733696F243B52FE000F5D52 /* StorageManager.swift */ = {isa = PBXFileReference; lastKnownFileType = sourcecode.swift; path = StorageManager.swift; sourceTree = "<group>"; };
		97336972243B55AD000F5D52 /* DictionaryViewController.swift */ = {isa = PBXFileReference; lastKnownFileType = sourcecode.swift; path = DictionaryViewController.swift; sourceTree = "<group>"; };
		97632876244C56F500D7DECA /* NetworkManager.swift */ = {isa = PBXFileReference; lastKnownFileType = sourcecode.swift; path = NetworkManager.swift; sourceTree = "<group>"; };
		DC16470A0803BC7F9A4553C0 /* Pods-LanguageApp.debug.xcconfig */ = {isa = PBXFileReference; includeInIndex = 1; lastKnownFileType = text.xcconfig; name = "Pods-LanguageApp.debug.xcconfig"; path = "Target Support Files/Pods-LanguageApp/Pods-LanguageApp.debug.xcconfig"; sourceTree = "<group>"; };
/* End PBXFileReference section */

/* Begin PBXFrameworksBuildPhase section */
		9733694C2434A51F000F5D52 /* Frameworks */ = {
			isa = PBXFrameworksBuildPhase;
			buildActionMask = 2147483647;
			files = (
				737F957C6A48552F8CD753D4 /* Pods_LanguageApp.framework in Frameworks */,
			);
			runOnlyForDeploymentPostprocessing = 0;
		};
/* End PBXFrameworksBuildPhase section */

/* Begin PBXGroup section */
		742D6259B9E77D8C5A078F08 /* Pods */ = {
			isa = PBXGroup;
			children = (
				DC16470A0803BC7F9A4553C0 /* Pods-LanguageApp.debug.xcconfig */,
				1B3785C90714999BBDC4D6AA /* Pods-LanguageApp.release.xcconfig */,
			);
			path = Pods;
			sourceTree = "<group>";
		};
		973369462434A51F000F5D52 = {
			isa = PBXGroup;
			children = (
				973369512434A51F000F5D52 /* LanguageApp */,
				973369502434A51F000F5D52 /* Products */,
				742D6259B9E77D8C5A078F08 /* Pods */,
				E28A74DA6FBB038C0F81B22B /* Frameworks */,
			);
			sourceTree = "<group>";
		};
		973369502434A51F000F5D52 /* Products */ = {
			isa = PBXGroup;
			children = (
				9733694F2434A51F000F5D52 /* LanguageApp.app */,
			);
			name = Products;
			sourceTree = "<group>";
		};
		973369512434A51F000F5D52 /* LanguageApp */ = {
			isa = PBXGroup;
			children = (
				973369522434A51F000F5D52 /* AppDelegate.swift */,
				973369542434A51F000F5D52 /* SceneDelegate.swift */,
				97336971243B5585000F5D52 /* ViewControllers */,
				974DBD892455CF6200C95603 /* StoryBoards */,
				974DBD872455CF4A00C95603 /* Models */,
				974DBD882455CF5500C95603 /* Managers */,
				9733695B2434A521000F5D52 /* Assets.xcassets */,
				973369602434A521000F5D52 /* Info.plist */,
			);
			path = LanguageApp;
			sourceTree = "<group>";
		};
		97336971243B5585000F5D52 /* ViewControllers */ = {
			isa = PBXGroup;
			children = (
				973369562434A51F000F5D52 /* TeachViewController.swift */,
				97336972243B55AD000F5D52 /* DictionaryViewController.swift */,
				973369662434AECF000F5D52 /* LanguageViewController.swift */,
			);
			path = ViewControllers;
			sourceTree = "<group>";
		};
		974DBD872455CF4A00C95603 /* Models */ = {
			isa = PBXGroup;
			children = (
				9733696D2439E140000F5D52 /* Models.swift */,
			);
			path = Models;
			sourceTree = "<group>";
		};
		974DBD882455CF5500C95603 /* Managers */ = {
			isa = PBXGroup;
			children = (
				97632876244C56F500D7DECA /* NetworkManager.swift */,
				9733696F243B52FE000F5D52 /* StorageManager.swift */,
			);
			path = Managers;
			sourceTree = "<group>";
		};
		974DBD892455CF6200C95603 /* StoryBoards */ = {
			isa = PBXGroup;
			children = (
				9733695D2434A521000F5D52 /* LaunchScreen.storyboard */,
				973369582434A51F000F5D52 /* Main.storyboard */,
			);
			path = StoryBoards;
			sourceTree = "<group>";
		};
		E28A74DA6FBB038C0F81B22B /* Frameworks */ = {
			isa = PBXGroup;
			children = (
				0E557AF4CB65315431236BBC /* Pods_LanguageApp.framework */,
			);
			name = Frameworks;
			sourceTree = "<group>";
		};
/* End PBXGroup section */

/* Begin PBXNativeTarget section */
		9733694E2434A51F000F5D52 /* LanguageApp */ = {
			isa = PBXNativeTarget;
			buildConfigurationList = 973369632434A521000F5D52 /* Build configuration list for PBXNativeTarget "LanguageApp" */;
			buildPhases = (
				28D6DED1AE707258F007A6EF /* [CP] Check Pods Manifest.lock */,
				9733694B2434A51F000F5D52 /* Sources */,
				9733694C2434A51F000F5D52 /* Frameworks */,
				9733694D2434A51F000F5D52 /* Resources */,
				1C2CB48C66BA322AA79ACD63 /* [CP] Embed Pods Frameworks */,
			);
			buildRules = (
			);
			dependencies = (
			);
			name = LanguageApp;
			productName = LanguageApp;
			productReference = 9733694F2434A51F000F5D52 /* LanguageApp.app */;
			productType = "com.apple.product-type.application";
		};
/* End PBXNativeTarget section */

/* Begin PBXProject section */
		973369472434A51F000F5D52 /* Project object */ = {
			isa = PBXProject;
			attributes = {
				LastSwiftUpdateCheck = 1130;
				LastUpgradeCheck = 1130;
				ORGANIZATIONNAME = "Mikhail Malyshev";
				TargetAttributes = {
					9733694E2434A51F000F5D52 = {
						CreatedOnToolsVersion = 11.3.1;
					};
				};
			};
			buildConfigurationList = 9733694A2434A51F000F5D52 /* Build configuration list for PBXProject "LanguageApp" */;
			compatibilityVersion = "Xcode 9.3";
			developmentRegion = en;
			hasScannedForEncodings = 0;
			knownRegions = (
				en,
				Base,
			);
			mainGroup = 973369462434A51F000F5D52;
			productRefGroup = 973369502434A51F000F5D52 /* Products */;
			projectDirPath = "";
			projectRoot = "";
			targets = (
				9733694E2434A51F000F5D52 /* LanguageApp */,
			);
		};
/* End PBXProject section */

/* Begin PBXResourcesBuildPhase section */
		9733694D2434A51F000F5D52 /* Resources */ = {
			isa = PBXResourcesBuildPhase;
			buildActionMask = 2147483647;
			files = (
				9733695F2434A521000F5D52 /* LaunchScreen.storyboard in Resources */,
				9733695C2434A521000F5D52 /* Assets.xcassets in Resources */,
				9733695A2434A51F000F5D52 /* Main.storyboard in Resources */,
			);
			runOnlyForDeploymentPostprocessing = 0;
		};
/* End PBXResourcesBuildPhase section */

/* Begin PBXShellScriptBuildPhase section */
		1C2CB48C66BA322AA79ACD63 /* [CP] Embed Pods Frameworks */ = {
			isa = PBXShellScriptBuildPhase;
			buildActionMask = 2147483647;
			files = (
			);
			inputFileListPaths = (
				"${PODS_ROOT}/Target Support Files/Pods-LanguageApp/Pods-LanguageApp-frameworks-${CONFIGURATION}-input-files.xcfilelist",
			);
			name = "[CP] Embed Pods Frameworks";
			outputFileListPaths = (
				"${PODS_ROOT}/Target Support Files/Pods-LanguageApp/Pods-LanguageApp-frameworks-${CONFIGURATION}-output-files.xcfilelist",
			);
			runOnlyForDeploymentPostprocessing = 0;
			shellPath = /bin/sh;
			shellScript = "\"${PODS_ROOT}/Target Support Files/Pods-LanguageApp/Pods-LanguageApp-frameworks.sh\"\n";
			showEnvVarsInLog = 0;
		};
		28D6DED1AE707258F007A6EF /* [CP] Check Pods Manifest.lock */ = {
			isa = PBXShellScriptBuildPhase;
			buildActionMask = 2147483647;
			files = (
			);
			inputFileListPaths = (
			);
			inputPaths = (
				"${PODS_PODFILE_DIR_PATH}/Podfile.lock",
				"${PODS_ROOT}/Manifest.lock",
			);
			name = "[CP] Check Pods Manifest.lock";
			outputFileListPaths = (
			);
			outputPaths = (
				"$(DERIVED_FILE_DIR)/Pods-LanguageApp-checkManifestLockResult.txt",
			);
			runOnlyForDeploymentPostprocessing = 0;
			shellPath = /bin/sh;
			shellScript = "diff \"${PODS_PODFILE_DIR_PATH}/Podfile.lock\" \"${PODS_ROOT}/Manifest.lock\" > /dev/null\nif [ $? != 0 ] ; then\n    # print error to STDERR\n    echo \"error: The sandbox is not in sync with the Podfile.lock. Run 'pod install' or update your CocoaPods installation.\" >&2\n    exit 1\nfi\n# This output is used by Xcode 'outputs' to avoid re-running this script phase.\necho \"SUCCESS\" > \"${SCRIPT_OUTPUT_FILE_0}\"\n";
			showEnvVarsInLog = 0;
		};
/* End PBXShellScriptBuildPhase section */

/* Begin PBXSourcesBuildPhase section */
		9733694B2434A51F000F5D52 /* Sources */ = {
			isa = PBXSourcesBuildPhase;
			buildActionMask = 2147483647;
			files = (
				97336973243B55AD000F5D52 /* DictionaryViewController.swift in Sources */,
				9733696E2439E140000F5D52 /* Models.swift in Sources */,
				97632877244C56F500D7DECA /* NetworkManager.swift in Sources */,
				973369572434A51F000F5D52 /* TeachViewController.swift in Sources */,
				973369532434A51F000F5D52 /* AppDelegate.swift in Sources */,
				97336970243B52FE000F5D52 /* StorageManager.swift in Sources */,
				973369672434AECF000F5D52 /* LanguageViewController.swift in Sources */,
				973369552434A51F000F5D52 /* SceneDelegate.swift in Sources */,
			);
			runOnlyForDeploymentPostprocessing = 0;
		};
/* End PBXSourcesBuildPhase section */

/* Begin PBXVariantGroup section */
		973369582434A51F000F5D52 /* Main.storyboard */ = {
			isa = PBXVariantGroup;
			children = (
				973369592434A51F000F5D52 /* Base */,
			);
			name = Main.storyboard;
			sourceTree = "<group>";
		};
		9733695D2434A521000F5D52 /* LaunchScreen.storyboard */ = {
			isa = PBXVariantGroup;
			children = (
				9733695E2434A521000F5D52 /* Base */,
			);
			name = LaunchScreen.storyboard;
			sourceTree = "<group>";
		};
/* End PBXVariantGroup section */

/* Begin XCBuildConfiguration section */
		973369612434A521000F5D52 /* Debug */ = {
			isa = XCBuildConfiguration;
			buildSettings = {
				ALWAYS_SEARCH_USER_PATHS = NO;
				CLANG_ANALYZER_NONNULL = YES;
				CLANG_ANALYZER_NUMBER_OBJECT_CONVERSION = YES_AGGRESSIVE;
				CLANG_CXX_LANGUAGE_STANDARD = "gnu++14";
				CLANG_CXX_LIBRARY = "libc++";
				CLANG_ENABLE_MODULES = YES;
				CLANG_ENABLE_OBJC_ARC = YES;
				CLANG_ENABLE_OBJC_WEAK = YES;
				CLANG_WARN_BLOCK_CAPTURE_AUTORELEASING = YES;
				CLANG_WARN_BOOL_CONVERSION = YES;
				CLANG_WARN_COMMA = YES;
				CLANG_WARN_CONSTANT_CONVERSION = YES;
				CLANG_WARN_DEPRECATED_OBJC_IMPLEMENTATIONS = YES;
				CLANG_WARN_DIRECT_OBJC_ISA_USAGE = YES_ERROR;
				CLANG_WARN_DOCUMENTATION_COMMENTS = YES;
				CLANG_WARN_EMPTY_BODY = YES;
				CLANG_WARN_ENUM_CONVERSION = YES;
				CLANG_WARN_INFINITE_RECURSION = YES;
				CLANG_WARN_INT_CONVERSION = YES;
				CLANG_WARN_NON_LITERAL_NULL_CONVERSION = YES;
				CLANG_WARN_OBJC_IMPLICIT_RETAIN_SELF = YES;
				CLANG_WARN_OBJC_LITERAL_CONVERSION = YES;
				CLANG_WARN_OBJC_ROOT_CLASS = YES_ERROR;
				CLANG_WARN_RANGE_LOOP_ANALYSIS = YES;
				CLANG_WARN_STRICT_PROTOTYPES = YES;
				CLANG_WARN_SUSPICIOUS_MOVE = YES;
				CLANG_WARN_UNGUARDED_AVAILABILITY = YES_AGGRESSIVE;
				CLANG_WARN_UNREACHABLE_CODE = YES;
				CLANG_WARN__DUPLICATE_METHOD_MATCH = YES;
				COPY_PHASE_STRIP = NO;
				DEBUG_INFORMATION_FORMAT = dwarf;
				ENABLE_STRICT_OBJC_MSGSEND = YES;
				ENABLE_TESTABILITY = YES;
				GCC_C_LANGUAGE_STANDARD = gnu11;
				GCC_DYNAMIC_NO_PIC = NO;
				GCC_NO_COMMON_BLOCKS = YES;
				GCC_OPTIMIZATION_LEVEL = 0;
				GCC_PREPROCESSOR_DEFINITIONS = (
					"DEBUG=1",
					"$(inherited)",
				);
				GCC_WARN_64_TO_32_BIT_CONVERSION = YES;
				GCC_WARN_ABOUT_RETURN_TYPE = YES_ERROR;
				GCC_WARN_UNDECLARED_SELECTOR = YES;
				GCC_WARN_UNINITIALIZED_AUTOS = YES_AGGRESSIVE;
				GCC_WARN_UNUSED_FUNCTION = YES;
				GCC_WARN_UNUSED_VARIABLE = YES;
				IPHONEOS_DEPLOYMENT_TARGET = 13.2;
				MTL_ENABLE_DEBUG_INFO = INCLUDE_SOURCE;
				MTL_FAST_MATH = YES;
				ONLY_ACTIVE_ARCH = YES;
				SDKROOT = iphoneos;
				SWIFT_ACTIVE_COMPILATION_CONDITIONS = DEBUG;
				SWIFT_OPTIMIZATION_LEVEL = "-Onone";
			};
			name = Debug;
		};
		973369622434A521000F5D52 /* Release */ = {
			isa = XCBuildConfiguration;
			buildSettings = {
				ALWAYS_SEARCH_USER_PATHS = NO;
				CLANG_ANALYZER_NONNULL = YES;
				CLANG_ANALYZER_NUMBER_OBJECT_CONVERSION = YES_AGGRESSIVE;
				CLANG_CXX_LANGUAGE_STANDARD = "gnu++14";
				CLANG_CXX_LIBRARY = "libc++";
				CLANG_ENABLE_MODULES = YES;
				CLANG_ENABLE_OBJC_ARC = YES;
				CLANG_ENABLE_OBJC_WEAK = YES;
				CLANG_WARN_BLOCK_CAPTURE_AUTORELEASING = YES;
				CLANG_WARN_BOOL_CONVERSION = YES;
				CLANG_WARN_COMMA = YES;
				CLANG_WARN_CONSTANT_CONVERSION = YES;
				CLANG_WARN_DEPRECATED_OBJC_IMPLEMENTATIONS = YES;
				CLANG_WARN_DIRECT_OBJC_ISA_USAGE = YES_ERROR;
				CLANG_WARN_DOCUMENTATION_COMMENTS = YES;
				CLANG_WARN_EMPTY_BODY = YES;
				CLANG_WARN_ENUM_CONVERSION = YES;
				CLANG_WARN_INFINITE_RECURSION = YES;
				CLANG_WARN_INT_CONVERSION = YES;
				CLANG_WARN_NON_LITERAL_NULL_CONVERSION = YES;
				CLANG_WARN_OBJC_IMPLICIT_RETAIN_SELF = YES;
				CLANG_WARN_OBJC_LITERAL_CONVERSION = YES;
				CLANG_WARN_OBJC_ROOT_CLASS = YES_ERROR;
				CLANG_WARN_RANGE_LOOP_ANALYSIS = YES;
				CLANG_WARN_STRICT_PROTOTYPES = YES;
				CLANG_WARN_SUSPICIOUS_MOVE = YES;
				CLANG_WARN_UNGUARDED_AVAILABILITY = YES_AGGRESSIVE;
				CLANG_WARN_UNREACHABLE_CODE = YES;
				CLANG_WARN__DUPLICATE_METHOD_MATCH = YES;
				COPY_PHASE_STRIP = NO;
				DEBUG_INFORMATION_FORMAT = "dwarf-with-dsym";
				ENABLE_NS_ASSERTIONS = NO;
				ENABLE_STRICT_OBJC_MSGSEND = YES;
				GCC_C_LANGUAGE_STANDARD = gnu11;
				GCC_NO_COMMON_BLOCKS = YES;
				GCC_WARN_64_TO_32_BIT_CONVERSION = YES;
				GCC_WARN_ABOUT_RETURN_TYPE = YES_ERROR;
				GCC_WARN_UNDECLARED_SELECTOR = YES;
				GCC_WARN_UNINITIALIZED_AUTOS = YES_AGGRESSIVE;
				GCC_WARN_UNUSED_FUNCTION = YES;
				GCC_WARN_UNUSED_VARIABLE = YES;
				IPHONEOS_DEPLOYMENT_TARGET = 13.2;
				MTL_ENABLE_DEBUG_INFO = NO;
				MTL_FAST_MATH = YES;
				SDKROOT = iphoneos;
				SWIFT_COMPILATION_MODE = wholemodule;
				SWIFT_OPTIMIZATION_LEVEL = "-O";
				VALIDATE_PRODUCT = YES;
			};
			name = Release;
		};
		973369642434A521000F5D52 /* Debug */ = {
			isa = XCBuildConfiguration;
			baseConfigurationReference = DC16470A0803BC7F9A4553C0 /* Pods-LanguageApp.debug.xcconfig */;
			buildSettings = {
				ASSETCATALOG_COMPILER_APPICON_NAME = AppIcon;
				CODE_SIGN_STYLE = Automatic;
				DEVELOPMENT_TEAM = WDRH34Y5Z9;
				INFOPLIST_FILE = LanguageApp/Info.plist;
				LD_RUNPATH_SEARCH_PATHS = (
					"$(inherited)",
					"@executable_path/Frameworks",
				);
				PRODUCT_BUNDLE_IDENTIFIER = edu.self.LanguageApp;
				PRODUCT_NAME = "$(TARGET_NAME)";
				SWIFT_VERSION = 5.0;
				TARGETED_DEVICE_FAMILY = "1,2";
			};
			name = Debug;
		};
		973369652434A521000F5D52 /* Release */ = {
			isa = XCBuildConfiguration;
			baseConfigurationReference = 1B3785C90714999BBDC4D6AA /* Pods-LanguageApp.release.xcconfig */;
			buildSettings = {
				ASSETCATALOG_COMPILER_APPICON_NAME = AppIcon;
				CODE_SIGN_STYLE = Automatic;
				DEVELOPMENT_TEAM = WDRH34Y5Z9;
				INFOPLIST_FILE = LanguageApp/Info.plist;
				LD_RUNPATH_SEARCH_PATHS = (
					"$(inherited)",
					"@executable_path/Frameworks",
				);
				PRODUCT_BUNDLE_IDENTIFIER = edu.self.LanguageApp;
				PRODUCT_NAME = "$(TARGET_NAME)";
				SWIFT_VERSION = 5.0;
				TARGETED_DEVICE_FAMILY = "1,2";
			};
			name = Release;
		};
/* End XCBuildConfiguration section */

/* Begin XCConfigurationList section */
		9733694A2434A51F000F5D52 /* Build configuration list for PBXProject "LanguageApp" */ = {
			isa = XCConfigurationList;
			buildConfigurations = (
				973369612434A521000F5D52 /* Debug */,
				973369622434A521000F5D52 /* Release */,
			);
			defaultConfigurationIsVisible = 0;
			defaultConfigurationName = Release;
		};
		973369632434A521000F5D52 /* Build configuration list for PBXNativeTarget "LanguageApp" */ = {
			isa = XCConfigurationList;
			buildConfigurations = (
				973369642434A521000F5D52 /* Debug */,
				973369652434A521000F5D52 /* Release */,
			);
			defaultConfigurationIsVisible = 0;
			defaultConfigurationName = Release;
		};
/* End XCConfigurationList section */
	};
	rootObject = 973369472434A51F000F5D52 /* Project object */;
}
